
Microsoft Visual Studio Solution File, Format Version 12.00
# Visual Studio Version 17
VisualStudioVersion = 17.0.32112.339
MinimumVisualStudioVersion = 10.0.40219.1
Project("{FAE04EC0-301F-11D3-BF4B-00C04F79EFBC}") = "SignalRChatService", "SignalRChatService\SignalRChatService.csproj", "{2CA9DEBB-5571-4E0A-919B-B71EF5141FB9}"
EndProject
Project("{FAE04EC0-301F-11D3-BF4B-00C04F79EFBC}") = "SignalRChatClient", "SignalRChatClient\SignalRChatClient.csproj", "{819C9D8C-3277-4E3F-8DC4-CA69AA24FA99}"
EndProject
Project("{FAE04EC0-301F-11D3-BF4B-00C04F79EFBC}") = "SignalRChatModels", "SignalRChatModels\SignalRChatModels.csproj", "{CD60631F-11F3-4FB5-B22E-11EC571A77D5}"
EndProject
Global
	GlobalSection(SolutionConfigurationPlatforms) = preSolution
		Debug|Any CPU = Debug|Any CPU
		Release|Any CPU = Release|Any CPU
	EndGlobalSection
	GlobalSection(ProjectConfigurationPlatforms) = postSolution
		{2CA9DEBB-5571-4E0A-919B-B71EF5141FB9}.Debug|Any CPU.ActiveCfg = Debug|Any CPU
		{2CA9DEBB-5571-4E0A-919B-B71EF5141FB9}.Debug|Any CPU.Build.0 = Debug|Any CPU
		{2CA9DEBB-5571-4E0A-919B-B71EF5141FB9}.Release|Any CPU.ActiveCfg = Release|Any CPU
		{2CA9DEBB-5571-4E0A-919B-B71EF5141FB9}.Release|Any CPU.Build.0 = Release|Any CPU
		{819C9D8C-3277-4E3F-8DC4-CA69AA24FA99}.Debug|Any CPU.ActiveCfg = Debug|Any CPU
		{819C9D8C-3277-4E3F-8DC4-CA69AA24FA99}.Debug|Any CPU.Build.0 = Debug|Any CPU
		{819C9D8C-3277-4E3F-8DC4-CA69AA24FA99}.Release|Any CPU.ActiveCfg = Release|Any CPU
		{819C9D8C-3277-4E3F-8DC4-CA69AA24FA99}.Release|Any CPU.Build.0 = Release|Any CPU
		{CD60631F-11F3-4FB5-B22E-11EC571A77D5}.Debug|Any CPU.ActiveCfg = Debug|Any CPU
		{CD60631F-11F3-4FB5-B22E-11EC571A77D5}.Debug|Any CPU.Build.0 = Debug|Any CPU
		{CD60631F-11F3-4FB5-B22E-11EC571A77D5}.Release|Any CPU.ActiveCfg = Release|Any CPU
		{CD60631F-11F3-4FB5-B22E-11EC571A77D5}.Release|Any CPU.Build.0 = Release|Any CPU
	EndGlobalSection
	GlobalSection(SolutionProperties) = preSolution
		HideSolutionNode = FALSE
	EndGlobalSection
	GlobalSection(ExtensibilityGlobals) = postSolution
		SolutionGuid = {BB14FAD4-0E53-4407-A349-17232A0EA573}
	EndGlobalSection
EndGlobal
