
Microsoft Visual Studio Solution File, Format Version 12.00
# Visual Studio Version 17
VisualStudioVersion = 17.0.32112.339
MinimumVisualStudioVersion = 10.0.40219.1
Project("{9A19103F-16F7-4668-BE54-9A1E7A4F7556}") = "RabbitMQSender", "RabbitMQSender\RabbitMQSender.csproj", "{C36088DB-71A9-4A3A-96FF-C6D3FAA8F76E}"
EndProject
Project("{9A19103F-16F7-4668-BE54-9A1E7A4F7556}") = "RabbitMQReceiver", "RabbitMQReceiver\RabbitMQReceiver.csproj", "{432D506C-98C8-4080-A8AA-05E0F31164E4}"
EndProject
Project("{FAE04EC0-301F-11D3-BF4B-00C04F79EFBC}") = "RabbitMQChatClient", "RabbitMQChatClient\RabbitMQChatClient.csproj", "{6786D27F-44F7-41BE-80E5-5CCBE9FFE70A}"
EndProject
Project("{9A19103F-16F7-4668-BE54-9A1E7A4F7556}") = "ChatModels", "ChatModels\ChatModels.csproj", "{EF2AECEE-9BD3-4B7B-8904-4C933D376E3D}"
EndProject
Global
	GlobalSection(SolutionConfigurationPlatforms) = preSolution
		Debug|Any CPU = Debug|Any CPU
		Release|Any CPU = Release|Any CPU
	EndGlobalSection
	GlobalSection(ProjectConfigurationPlatforms) = postSolution
		{C36088DB-71A9-4A3A-96FF-C6D3FAA8F76E}.Debug|Any CPU.ActiveCfg = Debug|Any CPU
		{C36088DB-71A9-4A3A-96FF-C6D3FAA8F76E}.Debug|Any CPU.Build.0 = Debug|Any CPU
		{C36088DB-71A9-4A3A-96FF-C6D3FAA8F76E}.Release|Any CPU.ActiveCfg = Release|Any CPU
		{C36088DB-71A9-4A3A-96FF-C6D3FAA8F76E}.Release|Any CPU.Build.0 = Release|Any CPU
		{432D506C-98C8-4080-A8AA-05E0F31164E4}.Debug|Any CPU.ActiveCfg = Debug|Any CPU
		{432D506C-98C8-4080-A8AA-05E0F31164E4}.Debug|Any CPU.Build.0 = Debug|Any CPU
		{432D506C-98C8-4080-A8AA-05E0F31164E4}.Release|Any CPU.ActiveCfg = Release|Any CPU
		{432D506C-98C8-4080-A8AA-05E0F31164E4}.Release|Any CPU.Build.0 = Release|Any CPU
		{6786D27F-44F7-41BE-80E5-5CCBE9FFE70A}.Debug|Any CPU.ActiveCfg = Debug|Any CPU
		{6786D27F-44F7-41BE-80E5-5CCBE9FFE70A}.Debug|Any CPU.Build.0 = Debug|Any CPU
		{6786D27F-44F7-41BE-80E5-5CCBE9FFE70A}.Release|Any CPU.ActiveCfg = Release|Any CPU
		{6786D27F-44F7-41BE-80E5-5CCBE9FFE70A}.Release|Any CPU.Build.0 = Release|Any CPU
		{EF2AECEE-9BD3-4B7B-8904-4C933D376E3D}.Debug|Any CPU.ActiveCfg = Debug|Any CPU
		{EF2AECEE-9BD3-4B7B-8904-4C933D376E3D}.Debug|Any CPU.Build.0 = Debug|Any CPU
		{EF2AECEE-9BD3-4B7B-8904-4C933D376E3D}.Release|Any CPU.ActiveCfg = Release|Any CPU
		{EF2AECEE-9BD3-4B7B-8904-4C933D376E3D}.Release|Any CPU.Build.0 = Release|Any CPU
	EndGlobalSection
	GlobalSection(SolutionProperties) = preSolution
		HideSolutionNode = FALSE
	EndGlobalSection
	GlobalSection(ExtensibilityGlobals) = postSolution
		SolutionGuid = {A8BE7179-1191-46EA-B5EB-06397209B6C8}
	EndGlobalSection
EndGlobal
